
Microsoft Visual Studio Solution File, Format Version 12.00
# Visual Studio 15
VisualStudioVersion = 15.0.26730.8
MinimumVisualStudioVersion = 10.0.40219.1
Project("{FAE04EC0-301F-11D3-BF4B-00C04F79EFBC}") = "MoneyManagerUtility", "MoneyManagerUtility\MoneyManagerUtility.csproj", "{F2303042-B3A1-4F52-A27D-B0F1129CF6A8}"
EndProject
Global
	GlobalSection(SolutionConfigurationPlatforms) = preSolution
		Debug|Any CPU = Debug|Any CPU
		Release|Any CPU = Release|Any CPU
	EndGlobalSection
	GlobalSection(ProjectConfigurationPlatforms) = postSolution
		{F2303042-B3A1-4F52-A27D-B0F1129CF6A8}.Debug|Any CPU.ActiveCfg = Debug|Any CPU
		{F2303042-B3A1-4F52-A27D-B0F1129CF6A8}.Debug|Any CPU.Build.0 = Debug|Any CPU
		{F2303042-B3A1-4F52-A27D-B0F1129CF6A8}.Release|Any CPU.ActiveCfg = Release|Any CPU
		{F2303042-B3A1-4F52-A27D-B0F1129CF6A8}.Release|Any CPU.Build.0 = Release|Any CPU
	EndGlobalSection
	GlobalSection(SolutionProperties) = preSolution
		HideSolutionNode = FALSE
	EndGlobalSection
	GlobalSection(ExtensibilityGlobals) = postSolution
		SolutionGuid = {E256453C-0E14-45E5-81B9-B82EC347DBCA}
	EndGlobalSection
EndGlobal
